// !$*UTF8*$!
{
	archiveVersion = 1;
	classes = {
	};
	objectVersion = 56;
	objects = {

/* Begin PBXBuildFile section */
		0B920EF12A0645DB00AC2603 /* AppDelegate.swift in Sources */ = {isa = PBXBuildFile; fileRef = 0B920EF02A0645DB00AC2603 /* AppDelegate.swift */; };
		0B920EF32A0645DB00AC2603 /* GameScene.sks in Resources */ = {isa = PBXBuildFile; fileRef = 0B920EF22A0645DB00AC2603 /* GameScene.sks */; };
		0B920EF52A0645DB00AC2603 /* Actions.sks in Resources */ = {isa = PBXBuildFile; fileRef = 0B920EF42A0645DB00AC2603 /* Actions.sks */; };
		0B920EF72A0645DB00AC2603 /* GameScene.swift in Sources */ = {isa = PBXBuildFile; fileRef = 0B920EF62A0645DB00AC2603 /* GameScene.swift */; };
		0B920EF92A0645DB00AC2603 /* GameViewController.swift in Sources */ = {isa = PBXBuildFile; fileRef = 0B920EF82A0645DB00AC2603 /* GameViewController.swift */; };
		0B920EFC2A0645DB00AC2603 /* Main.storyboard in Resources */ = {isa = PBXBuildFile; fileRef = 0B920EFA2A0645DB00AC2603 /* Main.storyboard */; };
		0B920EFE2A0645DD00AC2603 /* Assets.xcassets in Resources */ = {isa = PBXBuildFile; fileRef = 0B920EFD2A0645DD00AC2603 /* Assets.xcassets */; };
		0B920F012A0645DD00AC2603 /* LaunchScreen.storyboard in Resources */ = {isa = PBXBuildFile; fileRef = 0B920EFF2A0645DD00AC2603 /* LaunchScreen.storyboard */; };
		0B920F082A064F1B00AC2603 /* MainMenu.swift in Sources */ = {isa = PBXBuildFile; fileRef = 0B920F072A064F1B00AC2603 /* MainMenu.swift */; };
		0B920F0A2A0653BA00AC2603 /* ufo.png in Resources */ = {isa = PBXBuildFile; fileRef = 0B920F092A0653BA00AC2603 /* ufo.png */; };
		0B920F0C2A0653BE00AC2603 /* bullet.png in Resources */ = {isa = PBXBuildFile; fileRef = 0B920F0B2A0653BE00AC2603 /* bullet.png */; };
		0B920F0E2A0653C300AC2603 /* enemy.png in Resources */ = {isa = PBXBuildFile; fileRef = 0B920F0D2A0653C300AC2603 /* enemy.png */; };
		0B920F102A065B5900AC2603 /* background.png in Resources */ = {isa = PBXBuildFile; fileRef = 0B920F0F2A065B5900AC2603 /* background.png */; };
		0B920F1E2A0E5FAC00AC2603 /* GameoverScene.swift in Sources */ = {isa = PBXBuildFile; fileRef = 0B920F1D2A0E5FAC00AC2603 /* GameoverScene.swift */; };
		0B920F242A124D2B00AC2603 /* ShopScene.swift in Sources */ = {isa = PBXBuildFile; fileRef = 0B920F232A124D2B00AC2603 /* ShopScene.swift */; };
		0B920F262A124D5F00AC2603 /* ship1.png in Resources */ = {isa = PBXBuildFile; fileRef = 0B920F252A124D5F00AC2603 /* ship1.png */; };
		0B920F282A124D6300AC2603 /* ship2.png in Resources */ = {isa = PBXBuildFile; fileRef = 0B920F272A124D6300AC2603 /* ship2.png */; };
		0B920F2A2A124D6600AC2603 /* ship3.png in Resources */ = {isa = PBXBuildFile; fileRef = 0B920F292A124D6600AC2603 /* ship3.png */; };
		0BBB9F422A14DB80000570A3 /* coin.png in Resources */ = {isa = PBXBuildFile; fileRef = 0BBB9F412A14DB80000570A3 /* coin.png */; };
/* End PBXBuildFile section */

/* Begin PBXFileReference section */
		0B920EED2A0645DB00AC2603 /* Ufo-Shooter.app */ = {isa = PBXFileReference; explicitFileType = wrapper.application; includeInIndex = 0; path = "Ufo-Shooter.app"; sourceTree = BUILT_PRODUCTS_DIR; };
		0B920EF02A0645DB00AC2603 /* AppDelegate.swift */ = {isa = PBXFileReference; lastKnownFileType = sourcecode.swift; path = AppDelegate.swift; sourceTree = "<group>"; };
		0B920EF22A0645DB00AC2603 /* GameScene.sks */ = {isa = PBXFileReference; lastKnownFileType = file.sks; path = GameScene.sks; sourceTree = "<group>"; };
		0B920EF42A0645DB00AC2603 /* Actions.sks */ = {isa = PBXFileReference; lastKnownFileType = file.sks; path = Actions.sks; sourceTree = "<group>"; };
		0B920EF62A0645DB00AC2603 /* GameScene.swift */ = {isa = PBXFileReference; lastKnownFileType = sourcecode.swift; path = GameScene.swift; sourceTree = "<group>"; };
		0B920EF82A0645DB00AC2603 /* GameViewController.swift */ = {isa = PBXFileReference; lastKnownFileType = sourcecode.swift; path = GameViewController.swift; sourceTree = "<group>"; };
		0B920EFB2A0645DB00AC2603 /* Base */ = {isa = PBXFileReference; lastKnownFileType = file.storyboard; name = Base; path = Base.lproj/Main.storyboard; sourceTree = "<group>"; };
		0B920EFD2A0645DD00AC2603 /* Assets.xcassets */ = {isa = PBXFileReference; lastKnownFileType = folder.assetcatalog; path = Assets.xcassets; sourceTree = "<group>"; };
		0B920F002A0645DD00AC2603 /* Base */ = {isa = PBXFileReference; lastKnownFileType = file.storyboard; name = Base; path = Base.lproj/LaunchScreen.storyboard; sourceTree = "<group>"; };
		0B920F072A064F1B00AC2603 /* MainMenu.swift */ = {isa = PBXFileReference; lastKnownFileType = sourcecode.swift; path = MainMenu.swift; sourceTree = "<group>"; };
		0B920F092A0653BA00AC2603 /* ufo.png */ = {isa = PBXFileReference; lastKnownFileType = image.png; path = ufo.png; sourceTree = "<group>"; };
		0B920F0B2A0653BE00AC2603 /* bullet.png */ = {isa = PBXFileReference; lastKnownFileType = image.png; path = bullet.png; sourceTree = "<group>"; };
		0B920F0D2A0653C300AC2603 /* enemy.png */ = {isa = PBXFileReference; lastKnownFileType = image.png; path = enemy.png; sourceTree = "<group>"; };
		0B920F0F2A065B5900AC2603 /* background.png */ = {isa = PBXFileReference; lastKnownFileType = image.png; path = background.png; sourceTree = "<group>"; };
		0B920F1D2A0E5FAC00AC2603 /* GameoverScene.swift */ = {isa = PBXFileReference; lastKnownFileType = sourcecode.swift; path = GameoverScene.swift; sourceTree = "<group>"; };
		0B920F232A124D2B00AC2603 /* ShopScene.swift */ = {isa = PBXFileReference; lastKnownFileType = sourcecode.swift; path = ShopScene.swift; sourceTree = "<group>"; };
		0B920F252A124D5F00AC2603 /* ship1.png */ = {isa = PBXFileReference; lastKnownFileType = image.png; path = ship1.png; sourceTree = "<group>"; };
		0B920F272A124D6300AC2603 /* ship2.png */ = {isa = PBXFileReference; lastKnownFileType = image.png; path = ship2.png; sourceTree = "<group>"; };
		0B920F292A124D6600AC2603 /* ship3.png */ = {isa = PBXFileReference; lastKnownFileType = image.png; path = ship3.png; sourceTree = "<group>"; };
		0BBB9F412A14DB80000570A3 /* coin.png */ = {isa = PBXFileReference; lastKnownFileType = image.png; path = coin.png; sourceTree = "<group>"; };
/* End PBXFileReference section */

/* Begin PBXFrameworksBuildPhase section */
		0B920EEA2A0645DB00AC2603 /* Frameworks */ = {
			isa = PBXFrameworksBuildPhase;
			buildActionMask = 2147483647;
			files = (
			);
			runOnlyForDeploymentPostprocessing = 0;
		};
/* End PBXFrameworksBuildPhase section */

/* Begin PBXGroup section */
		0B260C422A1E0FEC00489D40 /* Photos */ = {
			isa = PBXGroup;
			children = (
				0B920F0F2A065B5900AC2603 /* background.png */,
				0B920F252A124D5F00AC2603 /* ship1.png */,
				0B920F092A0653BA00AC2603 /* ufo.png */,
				0B920F272A124D6300AC2603 /* ship2.png */,
				0B920F0B2A0653BE00AC2603 /* bullet.png */,
				0BBB9F412A14DB80000570A3 /* coin.png */,
				0B920F0D2A0653C300AC2603 /* enemy.png */,
				0B920EFD2A0645DD00AC2603 /* Assets.xcassets */,
				0B920F292A124D6600AC2603 /* ship3.png */,
			);
			path = Photos;
			sourceTree = "<group>";
		};
		0B920EE42A0645DB00AC2603 = {
			isa = PBXGroup;
			children = (
				0B260C422A1E0FEC00489D40 /* Photos */,
				0B920EEF2A0645DB00AC2603 /* Ufo-Shooter */,
				0B920EEE2A0645DB00AC2603 /* Products */,
			);
			sourceTree = "<group>";
		};
		0B920EEE2A0645DB00AC2603 /* Products */ = {
			isa = PBXGroup;
			children = (
				0B920EED2A0645DB00AC2603 /* Ufo-Shooter.app */,
			);
			name = Products;
			sourceTree = "<group>";
		};
		0B920EEF2A0645DB00AC2603 /* Ufo-Shooter */ = {
			isa = PBXGroup;
			children = (
				0B920EF02A0645DB00AC2603 /* AppDelegate.swift */,
				0B920EF22A0645DB00AC2603 /* GameScene.sks */,
				0B920EF42A0645DB00AC2603 /* Actions.sks */,
				0B920EF62A0645DB00AC2603 /* GameScene.swift */,
				0B920EF82A0645DB00AC2603 /* GameViewController.swift */,
				0B920EFA2A0645DB00AC2603 /* Main.storyboard */,
				0B920EFF2A0645DD00AC2603 /* LaunchScreen.storyboard */,
				0B920F072A064F1B00AC2603 /* MainMenu.swift */,
				0B920F1D2A0E5FAC00AC2603 /* GameoverScene.swift */,
				0B920F232A124D2B00AC2603 /* ShopScene.swift */,
			);
			path = "Ufo-Shooter";
			sourceTree = "<group>";
		};
/* End PBXGroup section */

/* Begin PBXNativeTarget section */
		0B920EEC2A0645DB00AC2603 /* Ufo-Shooter */ = {
			isa = PBXNativeTarget;
			buildConfigurationList = 0B920F042A0645DD00AC2603 /* Build configuration list for PBXNativeTarget "Ufo-Shooter" */;
			buildPhases = (
				0B920EE92A0645DB00AC2603 /* Sources */,
				0B920EEA2A0645DB00AC2603 /* Frameworks */,
				0B920EEB2A0645DB00AC2603 /* Resources */,
			);
			buildRules = (
			);
			dependencies = (
			);
			name = "Ufo-Shooter";
			productName = "Ufo-Shooter";
			productReference = 0B920EED2A0645DB00AC2603 /* Ufo-Shooter.app */;
			productType = "com.apple.product-type.application";
		};
/* End PBXNativeTarget section */

/* Begin PBXProject section */
		0B920EE52A0645DB00AC2603 /* Project object */ = {
			isa = PBXProject;
			attributes = {
				BuildIndependentTargetsInParallel = 1;
				LastSwiftUpdateCheck = 1430;
				LastUpgradeCheck = 1430;
				TargetAttributes = {
					0B920EEC2A0645DB00AC2603 = {
						CreatedOnToolsVersion = 14.3;
					};
				};
			};
			buildConfigurationList = 0B920EE82A0645DB00AC2603 /* Build configuration list for PBXProject "Ufo-Shooter" */;
			compatibilityVersion = "Xcode 14.0";
			developmentRegion = en;
			hasScannedForEncodings = 0;
			knownRegions = (
				en,
				Base,
			);
			mainGroup = 0B920EE42A0645DB00AC2603;
			productRefGroup = 0B920EEE2A0645DB00AC2603 /* Products */;
			projectDirPath = "";
			projectRoot = "";
			targets = (
				0B920EEC2A0645DB00AC2603 /* Ufo-Shooter */,
			);
		};
/* End PBXProject section */

/* Begin PBXResourcesBuildPhase section */
		0B920EEB2A0645DB00AC2603 /* Resources */ = {
			isa = PBXResourcesBuildPhase;
			buildActionMask = 2147483647;
			files = (
				0B920F0A2A0653BA00AC2603 /* ufo.png in Resources */,
				0B920F262A124D5F00AC2603 /* ship1.png in Resources */,
				0B920F0C2A0653BE00AC2603 /* bullet.png in Resources */,
				0B920F0E2A0653C300AC2603 /* enemy.png in Resources */,
				0B920EFC2A0645DB00AC2603 /* Main.storyboard in Resources */,
				0B920EF32A0645DB00AC2603 /* GameScene.sks in Resources */,
				0B920EFE2A0645DD00AC2603 /* Assets.xcassets in Resources */,
				0B920F2A2A124D6600AC2603 /* ship3.png in Resources */,
				0B920F282A124D6300AC2603 /* ship2.png in Resources */,
				0B920F012A0645DD00AC2603 /* LaunchScreen.storyboard in Resources */,
				0BBB9F422A14DB80000570A3 /* coin.png in Resources */,
				0B920F102A065B5900AC2603 /* background.png in Resources */,
				0B920EF52A0645DB00AC2603 /* Actions.sks in Resources */,
			);
			runOnlyForDeploymentPostprocessing = 0;
		};
/* End PBXResourcesBuildPhase section */

/* Begin PBXSourcesBuildPhase section */
		0B920EE92A0645DB00AC2603 /* Sources */ = {
			isa = PBXSourcesBuildPhase;
			buildActionMask = 2147483647;
			files = (
				0B920F242A124D2B00AC2603 /* ShopScene.swift in Sources */,
				0B920EF72A0645DB00AC2603 /* GameScene.swift in Sources */,
				0B920F1E2A0E5FAC00AC2603 /* GameoverScene.swift in Sources */,
				0B920EF92A0645DB00AC2603 /* GameViewController.swift in Sources */,
				0B920EF12A0645DB00AC2603 /* AppDelegate.swift in Sources */,
				0B920F082A064F1B00AC2603 /* MainMenu.swift in Sources */,
			);
			runOnlyForDeploymentPostprocessing = 0;
		};
/* End PBXSourcesBuildPhase section */

/* Begin PBXVariantGroup section */
		0B920EFA2A0645DB00AC2603 /* Main.storyboard */ = {
			isa = PBXVariantGroup;
			children = (
				0B920EFB2A0645DB00AC2603 /* Base */,
			);
			name = Main.storyboard;
			sourceTree = "<group>";
		};
		0B920EFF2A0645DD00AC2603 /* LaunchScreen.storyboard */ = {
			isa = PBXVariantGroup;
			children = (
				0B920F002A0645DD00AC2603 /* Base */,
			);
			name = LaunchScreen.storyboard;
			sourceTree = "<group>";
		};
/* End PBXVariantGroup section */

/* Begin XCBuildConfiguration section */
		0B920F022A0645DD00AC2603 /* Debug */ = {
			isa = XCBuildConfiguration;
			buildSettings = {
				ALWAYS_SEARCH_USER_PATHS = NO;
				CLANG_ANALYZER_NONNULL = YES;
				CLANG_ANALYZER_NUMBER_OBJECT_CONVERSION = YES_AGGRESSIVE;
				CLANG_CXX_LANGUAGE_STANDARD = "gnu++20";
				CLANG_ENABLE_MODULES = YES;
				CLANG_ENABLE_OBJC_ARC = YES;
				CLANG_ENABLE_OBJC_WEAK = YES;
				CLANG_WARN_BLOCK_CAPTURE_AUTORELEASING = YES;
				CLANG_WARN_BOOL_CONVERSION = YES;
				CLANG_WARN_COMMA = YES;
				CLANG_WARN_CONSTANT_CONVERSION = YES;
				CLANG_WARN_DEPRECATED_OBJC_IMPLEMENTATIONS = YES;
				CLANG_WARN_DIRECT_OBJC_ISA_USAGE = YES_ERROR;
				CLANG_WARN_DOCUMENTATION_COMMENTS = YES;
				CLANG_WARN_EMPTY_BODY = YES;
				CLANG_WARN_ENUM_CONVERSION = YES;
				CLANG_WARN_INFINITE_RECURSION = YES;
				CLANG_WARN_INT_CONVERSION = YES;
				CLANG_WARN_NON_LITERAL_NULL_CONVERSION = YES;
				CLANG_WARN_OBJC_IMPLICIT_RETAIN_SELF = YES;
				CLANG_WARN_OBJC_LITERAL_CONVERSION = YES;
				CLANG_WARN_OBJC_ROOT_CLASS = YES_ERROR;
				CLANG_WARN_QUOTED_INCLUDE_IN_FRAMEWORK_HEADER = YES;
				CLANG_WARN_RANGE_LOOP_ANALYSIS = YES;
				CLANG_WARN_STRICT_PROTOTYPES = YES;
				CLANG_WARN_SUSPICIOUS_MOVE = YES;
				CLANG_WARN_UNGUARDED_AVAILABILITY = YES_AGGRESSIVE;
				CLANG_WARN_UNREACHABLE_CODE = YES;
				CLANG_WARN__DUPLICATE_METHOD_MATCH = YES;
				COPY_PHASE_STRIP = NO;
				DEBUG_INFORMATION_FORMAT = dwarf;
				ENABLE_STRICT_OBJC_MSGSEND = YES;
				ENABLE_TESTABILITY = YES;
				GCC_C_LANGUAGE_STANDARD = gnu11;
				GCC_DYNAMIC_NO_PIC = NO;
				GCC_NO_COMMON_BLOCKS = YES;
				GCC_OPTIMIZATION_LEVEL = 0;
				GCC_PREPROCESSOR_DEFINITIONS = (
					"DEBUG=1",
					"$(inherited)",
				);
				GCC_WARN_64_TO_32_BIT_CONVERSION = YES;
				GCC_WARN_ABOUT_RETURN_TYPE = YES_ERROR;
				GCC_WARN_UNDECLARED_SELECTOR = YES;
				GCC_WARN_UNINITIALIZED_AUTOS = YES_AGGRESSIVE;
				GCC_WARN_UNUSED_FUNCTION = YES;
				GCC_WARN_UNUSED_VARIABLE = YES;
				IPHONEOS_DEPLOYMENT_TARGET = 16.4;
				MTL_ENABLE_DEBUG_INFO = INCLUDE_SOURCE;
				MTL_FAST_MATH = YES;
				ONLY_ACTIVE_ARCH = YES;
				SDKROOT = iphoneos;
				SWIFT_ACTIVE_COMPILATION_CONDITIONS = DEBUG;
				SWIFT_OPTIMIZATION_LEVEL = "-Onone";
			};
			name = Debug;
		};
		0B920F032A0645DD00AC2603 /* Release */ = {
			isa = XCBuildConfiguration;
			buildSettings = {
				ALWAYS_SEARCH_USER_PATHS = NO;
				CLANG_ANALYZER_NONNULL = YES;
				CLANG_ANALYZER_NUMBER_OBJECT_CONVERSION = YES_AGGRESSIVE;
				CLANG_CXX_LANGUAGE_STANDARD = "gnu++20";
				CLANG_ENABLE_MODULES = YES;
				CLANG_ENABLE_OBJC_ARC = YES;
				CLANG_ENABLE_OBJC_WEAK = YES;
				CLANG_WARN_BLOCK_CAPTURE_AUTORELEASING = YES;
				CLANG_WARN_BOOL_CONVERSION = YES;
				CLANG_WARN_COMMA = YES;
				CLANG_WARN_CONSTANT_CONVERSION = YES;
				CLANG_WARN_DEPRECATED_OBJC_IMPLEMENTATIONS = YES;
				CLANG_WARN_DIRECT_OBJC_ISA_USAGE = YES_ERROR;
				CLANG_WARN_DOCUMENTATION_COMMENTS = YES;
				CLANG_WARN_EMPTY_BODY = YES;
				CLANG_WARN_ENUM_CONVERSION = YES;
				CLANG_WARN_INFINITE_RECURSION = YES;
				CLANG_WARN_INT_CONVERSION = YES;
				CLANG_WARN_NON_LITERAL_NULL_CONVERSION = YES;
				CLANG_WARN_OBJC_IMPLICIT_RETAIN_SELF = YES;
				CLANG_WARN_OBJC_LITERAL_CONVERSION = YES;
				CLANG_WARN_OBJC_ROOT_CLASS = YES_ERROR;
				CLANG_WARN_QUOTED_INCLUDE_IN_FRAMEWORK_HEADER = YES;
				CLANG_WARN_RANGE_LOOP_ANALYSIS = YES;
				CLANG_WARN_STRICT_PROTOTYPES = YES;
				CLANG_WARN_SUSPICIOUS_MOVE = YES;
				CLANG_WARN_UNGUARDED_AVAILABILITY = YES_AGGRESSIVE;
				CLANG_WARN_UNREACHABLE_CODE = YES;
				CLANG_WARN__DUPLICATE_METHOD_MATCH = YES;
				COPY_PHASE_STRIP = NO;
				DEBUG_INFORMATION_FORMAT = "dwarf-with-dsym";
				ENABLE_NS_ASSERTIONS = NO;
				ENABLE_STRICT_OBJC_MSGSEND = YES;
				GCC_C_LANGUAGE_STANDARD = gnu11;
				GCC_NO_COMMON_BLOCKS = YES;
				GCC_WARN_64_TO_32_BIT_CONVERSION = YES;
				GCC_WARN_ABOUT_RETURN_TYPE = YES_ERROR;
				GCC_WARN_UNDECLARED_SELECTOR = YES;
				GCC_WARN_UNINITIALIZED_AUTOS = YES_AGGRESSIVE;
				GCC_WARN_UNUSED_FUNCTION = YES;
				GCC_WARN_UNUSED_VARIABLE = YES;
				IPHONEOS_DEPLOYMENT_TARGET = 16.4;
				MTL_ENABLE_DEBUG_INFO = NO;
				MTL_FAST_MATH = YES;
				SDKROOT = iphoneos;
				SWIFT_COMPILATION_MODE = wholemodule;
				SWIFT_OPTIMIZATION_LEVEL = "-O";
				VALIDATE_PRODUCT = YES;
			};
			name = Release;
		};
		0B920F052A0645DD00AC2603 /* Debug */ = {
			isa = XCBuildConfiguration;
			buildSettings = {
				ASSETCATALOG_COMPILER_APPICON_NAME = AppIcon;
				ASSETCATALOG_COMPILER_GLOBAL_ACCENT_COLOR_NAME = AccentColor;
				CODE_SIGN_STYLE = Automatic;
				CURRENT_PROJECT_VERSION = 1;
				DEVELOPMENT_TEAM = BH24YXPTW8;
				GENERATE_INFOPLIST_FILE = YES;
				INFOPLIST_KEY_UIApplicationSupportsIndirectInputEvents = YES;
				INFOPLIST_KEY_UILaunchStoryboardName = LaunchScreen;
				INFOPLIST_KEY_UIMainStoryboardFile = Main;
				INFOPLIST_KEY_UIStatusBarHidden = YES;
				INFOPLIST_KEY_UISupportedInterfaceOrientations_iPad = "UIInterfaceOrientationPortrait UIInterfaceOrientationPortraitUpsideDown UIInterfaceOrientationLandscapeLeft UIInterfaceOrientationLandscapeRight";
				INFOPLIST_KEY_UISupportedInterfaceOrientations_iPhone = "UIInterfaceOrientationPortrait UIInterfaceOrientationLandscapeLeft UIInterfaceOrientationLandscapeRight";
				IPHONEOS_DEPLOYMENT_TARGET = 13.0;
				LD_RUNPATH_SEARCH_PATHS = (
					"$(inherited)",
					"@executable_path/Frameworks",
				);
				MARKETING_VERSION = 1.0;
				PRODUCT_BUNDLE_IDENTIFIER = "com.SuperX.www.Ufo-Shooter";
				PRODUCT_NAME = "$(TARGET_NAME)";
				SWIFT_EMIT_LOC_STRINGS = YES;
				SWIFT_VERSION = 5.0;
				TARGETED_DEVICE_FAMILY = "1,2";
			};
			name = Debug;
		};
		0B920F062A0645DD00AC2603 /* Release */ = {
			isa = XCBuildConfiguration;
			buildSettings = {
				ASSETCATALOG_COMPILER_APPICON_NAME = AppIcon;
				ASSETCATALOG_COMPILER_GLOBAL_ACCENT_COLOR_NAME = AccentColor;
				CODE_SIGN_STYLE = Automatic;
				CURRENT_PROJECT_VERSION = 1;
				DEVELOPMENT_TEAM = BH24YXPTW8;
				GENERATE_INFOPLIST_FILE = YES;
				INFOPLIST_KEY_UIApplicationSupportsIndirectInputEvents = YES;
				INFOPLIST_KEY_UILaunchStoryboardName = LaunchScreen;
				INFOPLIST_KEY_UIMainStoryboardFile = Main;
				INFOPLIST_KEY_UIStatusBarHidden = YES;
				INFOPLIST_KEY_UISupportedInterfaceOrientations_iPad = "UIInterfaceOrientationPortrait UIInterfaceOrientationPortraitUpsideDown UIInterfaceOrientationLandscapeLeft UIInterfaceOrientationLandscapeRight";
				INFOPLIST_KEY_UISupportedInterfaceOrientations_iPhone = "UIInterfaceOrientationPortrait UIInterfaceOrientationLandscapeLeft UIInterfaceOrientationLandscapeRight";
				IPHONEOS_DEPLOYMENT_TARGET = 13.0;
				LD_RUNPATH_SEARCH_PATHS = (
					"$(inherited)",
					"@executable_path/Frameworks",
				);
				MARKETING_VERSION = 1.0;
				PRODUCT_BUNDLE_IDENTIFIER = "com.SuperX.www.Ufo-Shooter";
				PRODUCT_NAME = "$(TARGET_NAME)";
				SWIFT_EMIT_LOC_STRINGS = YES;
				SWIFT_VERSION = 5.0;
				TARGETED_DEVICE_FAMILY = "1,2";
			};
			name = Release;
		};
/* End XCBuildConfiguration section */

/* Begin XCConfigurationList section */
		0B920EE82A0645DB00AC2603 /* Build configuration list for PBXProject "Ufo-Shooter" */ = {
			isa = XCConfigurationList;
			buildConfigurations = (
				0B920F022A0645DD00AC2603 /* Debug */,
				0B920F032A0645DD00AC2603 /* Release */,
			);
			defaultConfigurationIsVisible = 0;
			defaultConfigurationName = Release;
		};
		0B920F042A0645DD00AC2603 /* Build configuration list for PBXNativeTarget "Ufo-Shooter" */ = {
			isa = XCConfigurationList;
			buildConfigurations = (
				0B920F052A0645DD00AC2603 /* Debug */,
				0B920F062A0645DD00AC2603 /* Release */,
			);
			defaultConfigurationIsVisible = 0;
			defaultConfigurationName = Release;
		};
/* End XCConfigurationList section */
	};
	rootObject = 0B920EE52A0645DB00AC2603 /* Project object */;
}
